
Microsoft Visual Studio Solution File, Format Version 12.00
# Visual Studio Version 17
VisualStudioVersion = 17.14.36414.22 d17.14
MinimumVisualStudioVersion = 10.0.40219.1
Project("{FAE04EC0-301F-11D3-BF4B-00C04F79EFBC}") = "LP", "LP\LP.csproj", "{A58D5952-1C59-4CB0-A27D-72493F0AD672}"
EndProject
Global
	GlobalSection(SolutionConfigurationPlatforms) = preSolution
		Debug|Any CPU = Debug|Any CPU
		Release|Any CPU = Release|Any CPU
	EndGlobalSection
	GlobalSection(ProjectConfigurationPlatforms) = postSolution
		{A58D5952-1C59-4CB0-A27D-72493F0AD672}.Debug|Any CPU.ActiveCfg = Debug|Any CPU
		{A58D5952-1C59-4CB0-A27D-72493F0AD672}.Debug|Any CPU.Build.0 = Debug|Any CPU
		{A58D5952-1C59-4CB0-A27D-72493F0AD672}.Release|Any CPU.ActiveCfg = Release|Any CPU
		{A58D5952-1C59-4CB0-A27D-72493F0AD672}.Release|Any CPU.Build.0 = Release|Any CPU
	EndGlobalSection
	GlobalSection(SolutionProperties) = preSolution
		HideSolutionNode = FALSE
	EndGlobalSection
	GlobalSection(ExtensibilityGlobals) = postSolution
		SolutionGuid = {18435BE7-5F48-4E5B-B65F-A126ABE42957}
	EndGlobalSection
EndGlobal
